
Microsoft Visual Studio Solution File, Format Version 11.00
# Visual Studio 2010
Project("{8BC9CEB8-8B4A-11D0-8D11-00A0C91BC942}") = "PIC++", "PIC++\PIC++.vcxproj", "{A36B2A8B-8E90-49F0-9C6C-0CC1F904545A}"
EndProject
Project("{8BC9CEB8-8B4A-11D0-8D11-00A0C91BC942}") = "test", "test\test.vcxproj", "{A2562778-809F-45A1-B3DD-A5EF3DAAD7AE}"
EndProject
Project("{8BC9CEB8-8B4A-11D0-8D11-00A0C91BC942}") = "FieldSolver1d", "FieldSolver1d\FieldSolver1d.vcxproj", "{42BFBBB6-6915-4A5C-9C74-848BDC2888FF}"
EndProject
Project("{8BC9CEB8-8B4A-11D0-8D11-00A0C91BC942}") = "PIC++1d", "PIC++1d\PIC++1d.vcxproj", "{5A8A10E1-4BB5-4B75-97A7-5C8B29514E47}"
EndProject
Project("{8BC9CEB8-8B4A-11D0-8D11-00A0C91BC942}") = "MatrixCompare", "MatrixCompare\MatrixCompare.vcxproj", "{AB2879FA-82B8-4699-90D0-3D9484834A80}"
EndProject
Project("{8BC9CEB8-8B4A-11D0-8D11-00A0C91BC942}") = "RewriteOutput", "RewriteOutput\RewriteOutput.vcxproj", "{81140593-33E6-446C-AF04-BA6D3C450534}"
EndProject
Project("{8BC9CEB8-8B4A-11D0-8D11-00A0C91BC942}") = "Fourier", "Fourier\Fourier.vcxproj", "{69E9DFBC-27D7-432A-BCC2-37C0799D2274}"
EndProject
Global
	GlobalSection(SolutionConfigurationPlatforms) = preSolution
		Debug|Mixed Platforms = Debug|Mixed Platforms
		Debug|Win32 = Debug|Win32
		Debug|x64 = Debug|x64
		Release|Mixed Platforms = Release|Mixed Platforms
		Release|Win32 = Release|Win32
		Release|x64 = Release|x64
	EndGlobalSection
	GlobalSection(ProjectConfigurationPlatforms) = postSolution
		{A36B2A8B-8E90-49F0-9C6C-0CC1F904545A}.Debug|Mixed Platforms.ActiveCfg = Debug|x64
		{A36B2A8B-8E90-49F0-9C6C-0CC1F904545A}.Debug|Mixed Platforms.Build.0 = Debug|x64
		{A36B2A8B-8E90-49F0-9C6C-0CC1F904545A}.Debug|Win32.ActiveCfg = Debug|Win32
		{A36B2A8B-8E90-49F0-9C6C-0CC1F904545A}.Debug|Win32.Build.0 = Debug|Win32
		{A36B2A8B-8E90-49F0-9C6C-0CC1F904545A}.Debug|x64.ActiveCfg = Debug|x64
		{A36B2A8B-8E90-49F0-9C6C-0CC1F904545A}.Debug|x64.Build.0 = Debug|x64
		{A36B2A8B-8E90-49F0-9C6C-0CC1F904545A}.Release|Mixed Platforms.ActiveCfg = Release|x64
		{A36B2A8B-8E90-49F0-9C6C-0CC1F904545A}.Release|Mixed Platforms.Build.0 = Release|x64
		{A36B2A8B-8E90-49F0-9C6C-0CC1F904545A}.Release|Win32.ActiveCfg = Release|Win32
		{A36B2A8B-8E90-49F0-9C6C-0CC1F904545A}.Release|Win32.Build.0 = Release|Win32
		{A36B2A8B-8E90-49F0-9C6C-0CC1F904545A}.Release|x64.ActiveCfg = Release|x64
		{A36B2A8B-8E90-49F0-9C6C-0CC1F904545A}.Release|x64.Build.0 = Release|x64
		{A2562778-809F-45A1-B3DD-A5EF3DAAD7AE}.Debug|Mixed Platforms.ActiveCfg = Debug|x64
		{A2562778-809F-45A1-B3DD-A5EF3DAAD7AE}.Debug|Mixed Platforms.Build.0 = Debug|x64
		{A2562778-809F-45A1-B3DD-A5EF3DAAD7AE}.Debug|Win32.ActiveCfg = Debug|Win32
		{A2562778-809F-45A1-B3DD-A5EF3DAAD7AE}.Debug|Win32.Build.0 = Debug|Win32
		{A2562778-809F-45A1-B3DD-A5EF3DAAD7AE}.Debug|x64.ActiveCfg = Debug|x64
		{A2562778-809F-45A1-B3DD-A5EF3DAAD7AE}.Debug|x64.Build.0 = Debug|x64
		{A2562778-809F-45A1-B3DD-A5EF3DAAD7AE}.Release|Mixed Platforms.ActiveCfg = Release|x64
		{A2562778-809F-45A1-B3DD-A5EF3DAAD7AE}.Release|Mixed Platforms.Build.0 = Release|x64
		{A2562778-809F-45A1-B3DD-A5EF3DAAD7AE}.Release|Win32.ActiveCfg = Release|Win32
		{A2562778-809F-45A1-B3DD-A5EF3DAAD7AE}.Release|Win32.Build.0 = Release|Win32
		{A2562778-809F-45A1-B3DD-A5EF3DAAD7AE}.Release|x64.ActiveCfg = Release|x64
		{A2562778-809F-45A1-B3DD-A5EF3DAAD7AE}.Release|x64.Build.0 = Release|x64
		{42BFBBB6-6915-4A5C-9C74-848BDC2888FF}.Debug|Mixed Platforms.ActiveCfg = Debug|Win32
		{42BFBBB6-6915-4A5C-9C74-848BDC2888FF}.Debug|Win32.ActiveCfg = Debug|Win32
		{42BFBBB6-6915-4A5C-9C74-848BDC2888FF}.Debug|Win32.Build.0 = Debug|Win32
		{42BFBBB6-6915-4A5C-9C74-848BDC2888FF}.Debug|x64.ActiveCfg = Debug|Win32
		{42BFBBB6-6915-4A5C-9C74-848BDC2888FF}.Release|Mixed Platforms.ActiveCfg = Release|Win32
		{42BFBBB6-6915-4A5C-9C74-848BDC2888FF}.Release|Win32.ActiveCfg = Release|Win32
		{42BFBBB6-6915-4A5C-9C74-848BDC2888FF}.Release|Win32.Build.0 = Release|Win32
		{42BFBBB6-6915-4A5C-9C74-848BDC2888FF}.Release|x64.ActiveCfg = Release|Win32
		{5A8A10E1-4BB5-4B75-97A7-5C8B29514E47}.Debug|Mixed Platforms.ActiveCfg = Debug|Win32
		{5A8A10E1-4BB5-4B75-97A7-5C8B29514E47}.Debug|Win32.ActiveCfg = Debug|Win32
		{5A8A10E1-4BB5-4B75-97A7-5C8B29514E47}.Debug|Win32.Build.0 = Debug|Win32
		{5A8A10E1-4BB5-4B75-97A7-5C8B29514E47}.Debug|x64.ActiveCfg = Debug|Win32
		{5A8A10E1-4BB5-4B75-97A7-5C8B29514E47}.Release|Mixed Platforms.ActiveCfg = Release|Win32
		{5A8A10E1-4BB5-4B75-97A7-5C8B29514E47}.Release|Win32.ActiveCfg = Release|Win32
		{5A8A10E1-4BB5-4B75-97A7-5C8B29514E47}.Release|Win32.Build.0 = Release|Win32
		{5A8A10E1-4BB5-4B75-97A7-5C8B29514E47}.Release|x64.ActiveCfg = Release|Win32
		{AB2879FA-82B8-4699-90D0-3D9484834A80}.Debug|Mixed Platforms.ActiveCfg = Debug|Win32
		{AB2879FA-82B8-4699-90D0-3D9484834A80}.Debug|Win32.ActiveCfg = Debug|Win32
		{AB2879FA-82B8-4699-90D0-3D9484834A80}.Debug|Win32.Build.0 = Debug|Win32
		{AB2879FA-82B8-4699-90D0-3D9484834A80}.Debug|x64.ActiveCfg = Debug|Win32
		{AB2879FA-82B8-4699-90D0-3D9484834A80}.Release|Mixed Platforms.ActiveCfg = Release|Win32
		{AB2879FA-82B8-4699-90D0-3D9484834A80}.Release|Win32.ActiveCfg = Release|Win32
		{AB2879FA-82B8-4699-90D0-3D9484834A80}.Release|Win32.Build.0 = Release|Win32
		{AB2879FA-82B8-4699-90D0-3D9484834A80}.Release|x64.ActiveCfg = Release|Win32
		{81140593-33E6-446C-AF04-BA6D3C450534}.Debug|Mixed Platforms.ActiveCfg = Debug|Win32
		{81140593-33E6-446C-AF04-BA6D3C450534}.Debug|Mixed Platforms.Build.0 = Debug|Win32
		{81140593-33E6-446C-AF04-BA6D3C450534}.Debug|Win32.ActiveCfg = Debug|Win32
		{81140593-33E6-446C-AF04-BA6D3C450534}.Debug|Win32.Build.0 = Debug|Win32
		{81140593-33E6-446C-AF04-BA6D3C450534}.Debug|x64.ActiveCfg = Debug|Win32
		{81140593-33E6-446C-AF04-BA6D3C450534}.Release|Mixed Platforms.ActiveCfg = Release|x64
		{81140593-33E6-446C-AF04-BA6D3C450534}.Release|Mixed Platforms.Build.0 = Release|x64
		{81140593-33E6-446C-AF04-BA6D3C450534}.Release|Win32.ActiveCfg = Release|Win32
		{81140593-33E6-446C-AF04-BA6D3C450534}.Release|Win32.Build.0 = Release|Win32
		{81140593-33E6-446C-AF04-BA6D3C450534}.Release|x64.ActiveCfg = Release|Win32
		{69E9DFBC-27D7-432A-BCC2-37C0799D2274}.Debug|Mixed Platforms.ActiveCfg = Debug|Win32
		{69E9DFBC-27D7-432A-BCC2-37C0799D2274}.Debug|Mixed Platforms.Build.0 = Debug|Win32
		{69E9DFBC-27D7-432A-BCC2-37C0799D2274}.Debug|Win32.ActiveCfg = Debug|Win32
		{69E9DFBC-27D7-432A-BCC2-37C0799D2274}.Debug|Win32.Build.0 = Debug|Win32
		{69E9DFBC-27D7-432A-BCC2-37C0799D2274}.Debug|x64.ActiveCfg = Debug|Win32
		{69E9DFBC-27D7-432A-BCC2-37C0799D2274}.Release|Mixed Platforms.ActiveCfg = Release|x64
		{69E9DFBC-27D7-432A-BCC2-37C0799D2274}.Release|Mixed Platforms.Build.0 = Release|x64
		{69E9DFBC-27D7-432A-BCC2-37C0799D2274}.Release|Win32.ActiveCfg = Release|Win32
		{69E9DFBC-27D7-432A-BCC2-37C0799D2274}.Release|Win32.Build.0 = Release|Win32
		{69E9DFBC-27D7-432A-BCC2-37C0799D2274}.Release|x64.ActiveCfg = Release|Win32
	EndGlobalSection
	GlobalSection(SolutionProperties) = preSolution
		HideSolutionNode = FALSE
	EndGlobalSection
EndGlobal
