
Microsoft Visual Studio Solution File, Format Version 11.00
# Visual Studio 2010
Project("{8BC9CEB8-8B4A-11D0-8D11-00A0C91BC942}") = "PIC++", "PIC++\PIC++.vcxproj", "{A36B2A8B-8E90-49F0-9C6C-0CC1F904545A}"
EndProject
Project("{8BC9CEB8-8B4A-11D0-8D11-00A0C91BC942}") = "test", "test\test.vcxproj", "{A2562778-809F-45A1-B3DD-A5EF3DAAD7AE}"
EndProject
Project("{8BC9CEB8-8B4A-11D0-8D11-00A0C91BC942}") = "FieldSolver1d", "FieldSolver1d\FieldSolver1d.vcxproj", "{42BFBBB6-6915-4A5C-9C74-848BDC2888FF}"
EndProject
Project("{8BC9CEB8-8B4A-11D0-8D11-00A0C91BC942}") = "PIC++1d", "PIC++1d\PIC++1d.vcxproj", "{5A8A10E1-4BB5-4B75-97A7-5C8B29514E47}"
EndProject
Project("{8BC9CEB8-8B4A-11D0-8D11-00A0C91BC942}") = "MatrixCompare", "MatrixCompare\MatrixCompare.vcxproj", "{AB2879FA-82B8-4699-90D0-3D9484834A80}"
EndProject
Global
	GlobalSection(SolutionConfigurationPlatforms) = preSolution
		Debug|Win32 = Debug|Win32
		Release|Win32 = Release|Win32
	EndGlobalSection
	GlobalSection(ProjectConfigurationPlatforms) = postSolution
		{A36B2A8B-8E90-49F0-9C6C-0CC1F904545A}.Debug|Win32.ActiveCfg = Debug|Win32
		{A36B2A8B-8E90-49F0-9C6C-0CC1F904545A}.Debug|Win32.Build.0 = Debug|Win32
		{A36B2A8B-8E90-49F0-9C6C-0CC1F904545A}.Release|Win32.ActiveCfg = Release|Win32
		{A36B2A8B-8E90-49F0-9C6C-0CC1F904545A}.Release|Win32.Build.0 = Release|Win32
		{A2562778-809F-45A1-B3DD-A5EF3DAAD7AE}.Debug|Win32.ActiveCfg = Debug|Win32
		{A2562778-809F-45A1-B3DD-A5EF3DAAD7AE}.Debug|Win32.Build.0 = Debug|Win32
		{A2562778-809F-45A1-B3DD-A5EF3DAAD7AE}.Release|Win32.ActiveCfg = Release|Win32
		{A2562778-809F-45A1-B3DD-A5EF3DAAD7AE}.Release|Win32.Build.0 = Release|Win32
		{42BFBBB6-6915-4A5C-9C74-848BDC2888FF}.Debug|Win32.ActiveCfg = Debug|Win32
		{42BFBBB6-6915-4A5C-9C74-848BDC2888FF}.Debug|Win32.Build.0 = Debug|Win32
		{42BFBBB6-6915-4A5C-9C74-848BDC2888FF}.Release|Win32.ActiveCfg = Release|Win32
		{42BFBBB6-6915-4A5C-9C74-848BDC2888FF}.Release|Win32.Build.0 = Release|Win32
		{5A8A10E1-4BB5-4B75-97A7-5C8B29514E47}.Debug|Win32.ActiveCfg = Debug|Win32
		{5A8A10E1-4BB5-4B75-97A7-5C8B29514E47}.Debug|Win32.Build.0 = Debug|Win32
		{5A8A10E1-4BB5-4B75-97A7-5C8B29514E47}.Release|Win32.ActiveCfg = Release|Win32
		{5A8A10E1-4BB5-4B75-97A7-5C8B29514E47}.Release|Win32.Build.0 = Release|Win32
		{AB2879FA-82B8-4699-90D0-3D9484834A80}.Debug|Win32.ActiveCfg = Debug|Win32
		{AB2879FA-82B8-4699-90D0-3D9484834A80}.Debug|Win32.Build.0 = Debug|Win32
		{AB2879FA-82B8-4699-90D0-3D9484834A80}.Release|Win32.ActiveCfg = Release|Win32
		{AB2879FA-82B8-4699-90D0-3D9484834A80}.Release|Win32.Build.0 = Release|Win32
	EndGlobalSection
	GlobalSection(SolutionProperties) = preSolution
		HideSolutionNode = FALSE
	EndGlobalSection
EndGlobal
